
Microsoft Visual Studio Solution File, Format Version 12.00
# Visual Studio Version 17
VisualStudioVersion = 17.5.002.0
MinimumVisualStudioVersion = 10.0.40219.1
Project("{9A19103F-16F7-4668-BE54-9A1E7A4F7556}") = "DotnetAPI", "DotnetAPI.csproj", "{76C4941F-6909-4F8B-BE38-F99C5148D138}"
EndProject
Global
	GlobalSection(SolutionConfigurationPlatforms) = preSolution
		Debug|Any CPU = Debug|Any CPU
		Release|Any CPU = Release|Any CPU
	EndGlobalSection
	GlobalSection(ProjectConfigurationPlatforms) = postSolution
		{76C4941F-6909-4F8B-BE38-F99C5148D138}.Debug|Any CPU.ActiveCfg = Debug|Any CPU
		{76C4941F-6909-4F8B-BE38-F99C5148D138}.Debug|Any CPU.Build.0 = Debug|Any CPU
		{76C4941F-6909-4F8B-BE38-F99C5148D138}.Release|Any CPU.ActiveCfg = Release|Any CPU
		{76C4941F-6909-4F8B-BE38-F99C5148D138}.Release|Any CPU.Build.0 = Release|Any CPU
	EndGlobalSection
	GlobalSection(SolutionProperties) = preSolution
		HideSolutionNode = FALSE
	EndGlobalSection
	GlobalSection(ExtensibilityGlobals) = postSolution
		SolutionGuid = {D6057B27-F500-4ED7-BA48-610C79858434}
	EndGlobalSection
EndGlobal
